Microsoft Visual Studio Solution File, Format Version 12.00
# Visual Studio 15
VisualStudioVersion = 15.0.26430.15
MinimumVisualStudioVersion = 15.0.26124.0
Project("{2150E333-8FDC-42A3-9474-1A3956D46DE8}") = "src", "src", "{5D609F0A-61EA-45BA-AFAE-480A6C5CB035}"
EndProject
Project("{9A19103F-16F7-4668-BE54-9A1E7A4F7556}") = "HotelCalifornia.Application", "src\HotelCalifornia.Application\HotelCalifornia.Application.csproj", "{BECB2883-F731-455E-BF05-7D87489781D4}"
EndProject
Project("{9A19103F-16F7-4668-BE54-9A1E7A4F7556}") = "HotelCalifornia.Domain", "src\HotelCalifornia.Domain\HotelCalifornia.Domain.csproj", "{8E48193C-109B-4CCE-AD3E-59787B2274B7}"
EndProject
Project("{2150E333-8FDC-42A3-9474-1A3956D46DE8}") = "tests", "tests", "{C94769E3-C921-4B0F-9EDA-42BECF32D7E6}"
EndProject
Project("{9A19103F-16F7-4668-BE54-9A1E7A4F7556}") = "HotelCalifornia.Tests", "tests\HotelCalifornia.Tests\HotelCalifornia.Tests.csproj", "{CED93868-393C-4AD5-8CD3-55A0A377EDB5}"
EndProject
Global
	GlobalSection(SolutionConfigurationPlatforms) = preSolution
		Debug|Any CPU = Debug|Any CPU
		Debug|x64 = Debug|x64
		Debug|x86 = Debug|x86
		Release|Any CPU = Release|Any CPU
		Release|x64 = Release|x64
		Release|x86 = Release|x86
	EndGlobalSection
	GlobalSection(ProjectConfigurationPlatforms) = postSolution
		{BECB2883-F731-455E-BF05-7D87489781D4}.Debug|Any CPU.ActiveCfg = Debug|Any CPU
		{BECB2883-F731-455E-BF05-7D87489781D4}.Debug|Any CPU.Build.0 = Debug|Any CPU
		{BECB2883-F731-455E-BF05-7D87489781D4}.Debug|x64.ActiveCfg = Debug|Any CPU
		{BECB2883-F731-455E-BF05-7D87489781D4}.Debug|x64.Build.0 = Debug|Any CPU
		{BECB2883-F731-455E-BF05-7D87489781D4}.Debug|x86.ActiveCfg = Debug|Any CPU
		{BECB2883-F731-455E-BF05-7D87489781D4}.Debug|x86.Build.0 = Debug|Any CPU
		{BECB2883-F731-455E-BF05-7D87489781D4}.Release|Any CPU.ActiveCfg = Release|Any CPU
		{BECB2883-F731-455E-BF05-7D87489781D4}.Release|Any CPU.Build.0 = Release|Any CPU
		{BECB2883-F731-455E-BF05-7D87489781D4}.Release|x64.ActiveCfg = Release|Any CPU
		{BECB2883-F731-455E-BF05-7D87489781D4}.Release|x64.Build.0 = Release|Any CPU
		{BECB2883-F731-455E-BF05-7D87489781D4}.Release|x86.ActiveCfg = Release|Any CPU
		{BECB2883-F731-455E-BF05-7D87489781D4}.Release|x86.Build.0 = Release|Any CPU
		{8E48193C-109B-4CCE-AD3E-59787B2274B7}.Debug|Any CPU.ActiveCfg = Debug|Any CPU
		{8E48193C-109B-4CCE-AD3E-59787B2274B7}.Debug|Any CPU.Build.0 = Debug|Any CPU
		{8E48193C-109B-4CCE-AD3E-59787B2274B7}.Debug|x64.ActiveCfg = Debug|Any CPU
		{8E48193C-109B-4CCE-AD3E-59787B2274B7}.Debug|x64.Build.0 = Debug|Any CPU
		{8E48193C-109B-4CCE-AD3E-59787B2274B7}.Debug|x86.ActiveCfg = Debug|Any CPU
		{8E48193C-109B-4CCE-AD3E-59787B2274B7}.Debug|x86.Build.0 = Debug|Any CPU
		{8E48193C-109B-4CCE-AD3E-59787B2274B7}.Release|Any CPU.ActiveCfg = Release|Any CPU
		{8E48193C-109B-4CCE-AD3E-59787B2274B7}.Release|Any CPU.Build.0 = Release|Any CPU
		{8E48193C-109B-4CCE-AD3E-59787B2274B7}.Release|x64.ActiveCfg = Release|Any CPU
		{8E48193C-109B-4CCE-AD3E-59787B2274B7}.Release|x64.Build.0 = Release|Any CPU
		{8E48193C-109B-4CCE-AD3E-59787B2274B7}.Release|x86.ActiveCfg = Release|Any CPU
		{8E48193C-109B-4CCE-AD3E-59787B2274B7}.Release|x86.Build.0 = Release|Any CPU
		{CED93868-393C-4AD5-8CD3-55A0A377EDB5}.Debug|Any CPU.ActiveCfg = Debug|Any CPU
		{CED93868-393C-4AD5-8CD3-55A0A377EDB5}.Debug|Any CPU.Build.0 = Debug|Any CPU
		{CED93868-393C-4AD5-8CD3-55A0A377EDB5}.Debug|x64.ActiveCfg = Debug|Any CPU
		{CED93868-393C-4AD5-8CD3-55A0A377EDB5}.Debug|x64.Build.0 = Debug|Any CPU
		{CED93868-393C-4AD5-8CD3-55A0A377EDB5}.Debug|x86.ActiveCfg = Debug|Any CPU
		{CED93868-393C-4AD5-8CD3-55A0A377EDB5}.Debug|x86.Build.0 = Debug|Any CPU
		{CED93868-393C-4AD5-8CD3-55A0A377EDB5}.Release|Any CPU.ActiveCfg = Release|Any CPU
		{CED93868-393C-4AD5-8CD3-55A0A377EDB5}.Release|Any CPU.Build.0 = Release|Any CPU
		{CED93868-393C-4AD5-8CD3-55A0A377EDB5}.Release|x64.ActiveCfg = Release|Any CPU
		{CED93868-393C-4AD5-8CD3-55A0A377EDB5}.Release|x64.Build.0 = Release|Any CPU
		{CED93868-393C-4AD5-8CD3-55A0A377EDB5}.Release|x86.ActiveCfg = Release|Any CPU
		{CED93868-393C-4AD5-8CD3-55A0A377EDB5}.Release|x86.Build.0 = Release|Any CPU
	EndGlobalSection
	GlobalSection(SolutionProperties) = preSolution
		HideSolutionNode = FALSE
	EndGlobalSection
	GlobalSection(NestedProjects) = preSolution
		{BECB2883-F731-455E-BF05-7D87489781D4} = {5D609F0A-61EA-45BA-AFAE-480A6C5CB035}
		{8E48193C-109B-4CCE-AD3E-59787B2274B7} = {5D609F0A-61EA-45BA-AFAE-480A6C5CB035}
		{CED93868-393C-4AD5-8CD3-55A0A377EDB5} = {C94769E3-C921-4B0F-9EDA-42BECF32D7E6}
	EndGlobalSection
EndGlobal
